PODS:
  - Alamofire (5.4.3)
  - Cuckoo (1.5.1):
    - Cuckoo/Swift (= 1.5.1)
  - Cuckoo/Swift (1.5.1)
  - RxCocoa (6.2.0):
    - RxRelay (= 6.2.0)
    - RxSwift (= 6.2.0)
  - RxRelay (6.2.0):
    - RxSwift (= 6.2.0)
  - RxSwift (6.2.0)
  - SwiftGen (6.5.1)
  - SwiftLint (0.45.1)
  - Swinject (2.8.0)

DEPENDENCIES:
  - Alamofire
  - Cuckoo
  - RxCocoa
  - RxSwift
  - SwiftGen
  - SwiftLint
  - Swinject

SPEC REPOS:
  trunk:
    - Alamofire
    - Cuckoo
    - RxCocoa
    - RxRelay
    - RxSwift
    - SwiftGen
    - SwiftLint
    - Swinject

SPEC CHECKSUMS:
  Alamofire: e447a2774a40c996748296fa2c55112fdbbc42f9
  Cuckoo: 9124fe138270854903483c270370e6e7658fbc9b
  RxCocoa: 4baf94bb35f2c0ab31bc0cb9f1900155f646ba42
  RxRelay: e72dbfd157807478401ef1982e1c61c945c94b2f
  RxSwift: d356ab7bee873611322f134c5f9ef379fa183d8f
  SwiftGen: a6d22010845f08fe18fbdf3a07a8e380fd22e0ea
  SwiftLint: 06ac37e4d38c7068e0935bb30cda95f093bec761
  Swinject: db795b8d6d78559b25fbebb0170d2635be1176e2

PODFILE CHECKSUM: cc4c77533fc017c16d80b7711268be32cc9aed6f

COCOAPODS: 1.11.2
